
Microsoft Visual Studio Solution File, Format Version 12.00
# Visual Studio 14
VisualStudioVersion = 14.0.25420.1
MinimumVisualStudioVersion = 10.0.40219.1
Project("{2150E333-8FDC-42A3-9474-1A3956D46DE8}") = "src", "src", "{DBCA3917-6654-4D56-BE7F-8562A421A00D}"
EndProject
Project("{2150E333-8FDC-42A3-9474-1A3956D46DE8}") = "Solution Items", "Solution Items", "{41585164-7169-47C7-BA17-1A01730DB65C}"
	ProjectSection(SolutionItems) = preProject
		global.json = global.json
	EndProjectSection
EndProject
Project("{8BB2217D-0F2D-49D1-97BC-3654ED321F3B}") = "HelloDotNet", "src\HelloDotNet\HelloDotNet.xproj", "{A20251B5-BE67-40C9-99FA-96929DD4F56D}"
EndProject
Global
	GlobalSection(SolutionConfigurationPlatforms) = preSolution
		Debug|Any CPU = Debug|Any CPU
		Release|Any CPU = Release|Any CPU
	EndGlobalSection
	GlobalSection(ProjectConfigurationPlatforms) = postSolution
		{A20251B5-BE67-40C9-99FA-96929DD4F56D}.Debug|Any CPU.ActiveCfg = Debug|Any CPU
		{A20251B5-BE67-40C9-99FA-96929DD4F56D}.Debug|Any CPU.Build.0 = Debug|Any CPU
		{A20251B5-BE67-40C9-99FA-96929DD4F56D}.Release|Any CPU.ActiveCfg = Release|Any CPU
		{A20251B5-BE67-40C9-99FA-96929DD4F56D}.Release|Any CPU.Build.0 = Release|Any CPU
	EndGlobalSection
	GlobalSection(SolutionProperties) = preSolution
		HideSolutionNode = FALSE
	EndGlobalSection
	GlobalSection(NestedProjects) = preSolution
		{A20251B5-BE67-40C9-99FA-96929DD4F56D} = {DBCA3917-6654-4D56-BE7F-8562A421A00D}
	EndGlobalSection
EndGlobal
